
Microsoft Visual Studio Solution File, Format Version 12.00
# Visual Studio Version 16
VisualStudioVersion = 16.0.31129.286
MinimumVisualStudioVersion = 10.0.40219.1
Project("{FAE04EC0-301F-11D3-BF4B-00C04F79EFBC}") = "TestAPI5", "TestAPI5\TestAPI5.csproj", "{6A4B70C9-D8A2-4FB1-9EAB-8E3DCD519038}"
EndProject
Global
	GlobalSection(SolutionConfigurationPlatforms) = preSolution
		Debug|Any CPU = Debug|Any CPU
		Release|Any CPU = Release|Any CPU
	EndGlobalSection
	GlobalSection(ProjectConfigurationPlatforms) = postSolution
		{6A4B70C9-D8A2-4FB1-9EAB-8E3DCD519038}.Debug|Any CPU.ActiveCfg = Debug|Any CPU
		{6A4B70C9-D8A2-4FB1-9EAB-8E3DCD519038}.Debug|Any CPU.Build.0 = Debug|Any CPU
		{6A4B70C9-D8A2-4FB1-9EAB-8E3DCD519038}.Release|Any CPU.ActiveCfg = Release|Any CPU
		{6A4B70C9-D8A2-4FB1-9EAB-8E3DCD519038}.Release|Any CPU.Build.0 = Release|Any CPU
	EndGlobalSection
	GlobalSection(SolutionProperties) = preSolution
		HideSolutionNode = FALSE
	EndGlobalSection
	GlobalSection(ExtensibilityGlobals) = postSolution
		SolutionGuid = {660D890A-52BE-4D31-8E7D-A0EFFCF02F47}
	EndGlobalSection
EndGlobal
